
Microsoft Visual Studio Solution File, Format Version 12.00
# Visual Studio Version 16
VisualStudioVersion = 16.0.30907.101
MinimumVisualStudioVersion = 10.0.40219.1
Project("{FAE04EC0-301F-11D3-BF4B-00C04F79EFBC}") = "Rename Editor", "Rename Editor\Rename Editor.csproj", "{D184DC2A-0BC3-4602-96B6-DF316A3A54D9}"
EndProject
Global
	GlobalSection(SolutionConfigurationPlatforms) = preSolution
		Debug|Any CPU = Debug|Any CPU
		Release|Any CPU = Release|Any CPU
	EndGlobalSection
	GlobalSection(ProjectConfigurationPlatforms) = postSolution
		{D184DC2A-0BC3-4602-96B6-DF316A3A54D9}.Debug|Any CPU.ActiveCfg = Debug|Any CPU
		{D184DC2A-0BC3-4602-96B6-DF316A3A54D9}.Debug|Any CPU.Build.0 = Debug|Any CPU
		{D184DC2A-0BC3-4602-96B6-DF316A3A54D9}.Release|Any CPU.ActiveCfg = Release|Any CPU
		{D184DC2A-0BC3-4602-96B6-DF316A3A54D9}.Release|Any CPU.Build.0 = Release|Any CPU
	EndGlobalSection
	GlobalSection(SolutionProperties) = preSolution
		HideSolutionNode = FALSE
	EndGlobalSection
	GlobalSection(ExtensibilityGlobals) = postSolution
		SolutionGuid = {69F978AE-9545-49F6-844A-9402B8E7925B}
	EndGlobalSection
EndGlobal
